<?xml version="1.0" encoding="utf-8"?>
<Project ToolsVersion="4.0" xmlns="http://schemas.microsoft.com/developer/msbuild/2003">
  <ItemGroup>
    <Filter Include="Init">
      <UniqueIdentifier>{29fabff7-e4f6-4936-9fbe-3a1e71eaab0f}</UniqueIdentifier>
    </Filter>
    <Filter Include="Debug">
      <UniqueIdentifier>{57661eba-e823-4127-ab66-ad701d2c215e}</UniqueIdentifier>
    </Filter>
  </ItemGroup>
  <ItemGroup>
    <ClCompile Include="entry.cpp">
      <Filter>Init</Filter>
    </ClCompile>
    <ClCompile Include="main.cpp">
      <Filter>Init</Filter>
    </ClCompile>
    <ClCompile Include="DebugDisplay.cpp">
      <Filter>Debug</Filter>
    </ClCompile>
    <ClCompile Include="exception.cpp" />
    <ClCompile Include="fsys.cpp" />
    <ClCompile Include="mmngr_phys.cpp" />
    <ClCompile Include="mmngr_virtual.cpp" />
    <ClCompile Include="panic.cpp" />
    <ClCompile Include="sysapi.cpp" />
    <ClCompile Include="task.cpp" />
    <ClCompile Include="vmmngr_pde.cpp" />
    <ClCompile Include="vmmngr_pte.cpp" />
  </ItemGroup>
  <ItemGroup>
    <ClInclude Include="DebugDisplay.h">
      <Filter>Debug</Filter>
    </ClInclude>
    <ClInclude Include="exception.h" />
    <ClInclude Include="image.h" />
    <ClInclude Include="mmngr_phys.h" />
    <ClInclude Include="mmngr_virtual.h" />
    <ClInclude Include="sysapi.h" />
    <ClInclude Include="task.h" />
    <ClInclude Include="vmmngr_pde.h" />
    <ClInclude Include="vmmngr_pte.h" />
  </ItemGroup>
  <ItemGroup>
    <ResourceCompile Include="Resource.rc" />
  </ItemGroup>
</Project>